// !$*UTF8*$!
{
	archiveVersion = 1;
	classes = {
	};
	objectVersion = 77;
	objects = {

/* Begin PBXBuildFile section */
		0127E0F41AF5B5EC46A62064 /* NucleusFonts in Frameworks */ = {isa = PBXBuildFile; productRef = B44DCCD860C500E6D16E49BC /* NucleusFonts */; };
		AAAA0670253DF79D1C515964 /* FontComparisonApp.swift in Sources */ = {isa = PBXBuildFile; fileRef = 9E03EC0AA75CCE375B1249E0 /* FontComparisonApp.swift */; };
		DE706DB1F999F444D947EED6 /* WorldProMVPPrevious.ttf in Resources */ = {isa = PBXBuildFile; fileRef = 6C434EF87AB1CB388DBD2751 /* WorldProMVPPrevious.ttf */; };
/* End PBXBuildFile section */

/* Begin PBXFileReference section */
		6C434EF87AB1CB388DBD2751 /* WorldProMVPPrevious.ttf */ = {isa = PBXFileReference; lastKnownFileType = file; path = WorldProMVPPrevious.ttf; sourceTree = "<group>"; };
		79DD1E61B540C107258D9E70 /* nucleus */ = {isa = PBXFileReference; lastKnownFileType = folder; name = nucleus; path = ../../..; sourceTree = SOURCE_ROOT; };
		9E03EC0AA75CCE375B1249E0 /* FontComparisonApp.swift */ = {isa = PBXFileReference; lastKnownFileType = sourcecode.swift; path = FontComparisonApp.swift; sourceTree = "<group>"; };
		B21DD91478B05D9F8C4D2BDB /* FontComparison.app */ = {isa = PBXFileReference; includeInIndex = 0; lastKnownFileType = wrapper.application; path = FontComparison.app; sourceTree = BUILT_PRODUCTS_DIR; };
/* End PBXFileReference section */

/* Begin PBXFrameworksBuildPhase section */
		233B5B7C080A5DF817D53B83 /* Frameworks */ = {
			isa = PBXFrameworksBuildPhase;
			buildActionMask = 2147483647;
			files = (
				0127E0F41AF5B5EC46A62064 /* NucleusFonts in Frameworks */,
			);
			runOnlyForDeploymentPostprocessing = 0;
		};
/* End PBXFrameworksBuildPhase section */

/* Begin PBXGroup section */
		22E8F4619D61C71E13C97981 /* Resources */ = {
			isa = PBXGroup;
			children = (
				6C434EF87AB1CB388DBD2751 /* WorldProMVPPrevious.ttf */,
			);
			path = Resources;
			sourceTree = "<group>";
		};
		71187A23B6BA9CB078BB9430 /* Products */ = {
			isa = PBXGroup;
			children = (
				B21DD91478B05D9F8C4D2BDB /* FontComparison.app */,
			);
			name = Products;
			sourceTree = "<group>";
		};
		CC83FC0E75D64BF0549B6BB9 /* Packages */ = {
			isa = PBXGroup;
			children = (
				79DD1E61B540C107258D9E70 /* nucleus */,
			);
			name = Packages;
			sourceTree = "<group>";
		};
		E6924E79FEDF310E72C205F9 = {
			isa = PBXGroup;
			children = (
				CC83FC0E75D64BF0549B6BB9 /* Packages */,
				22E8F4619D61C71E13C97981 /* Resources */,
				F745C40EEDECDCEF74578862 /* Sources */,
				71187A23B6BA9CB078BB9430 /* Products */,
			);
			sourceTree = "<group>";
		};
		F745C40EEDECDCEF74578862 /* Sources */ = {
			isa = PBXGroup;
			children = (
				9E03EC0AA75CCE375B1249E0 /* FontComparisonApp.swift */,
			);
			path = Sources;
			sourceTree = "<group>";
		};
/* End PBXGroup section */

/* Begin PBXNativeTarget section */
		A69A26CB9C15971A1DA275D5 /* FontComparison */ = {
			isa = PBXNativeTarget;
			buildConfigurationList = D9E21E9950DB1227FB567A9F /* Build configuration list for PBXNativeTarget "FontComparison" */;
			buildPhases = (
				308CC5D9860EDA988906E1A7 /* Sources */,
				6E12541A466E38746B08F511 /* Resources */,
				233B5B7C080A5DF817D53B83 /* Frameworks */,
			);
			buildRules = (
			);
			dependencies = (
			);
			name = FontComparison;
			packageProductDependencies = (
				B44DCCD860C500E6D16E49BC /* NucleusFonts */,
			);
			productName = FontComparison;
			productReference = B21DD91478B05D9F8C4D2BDB /* FontComparison.app */;
			productType = "com.apple.product-type.application";
		};
/* End PBXNativeTarget section */

/* Begin PBXProject section */
		56B4595268E559ED913407D8 /* Project object */ = {
			isa = PBXProject;
			attributes = {
				BuildIndependentTargetsInParallel = YES;
				LastUpgradeCheck = 1430;
				TargetAttributes = {
				};
			};
			buildConfigurationList = ADC11812F5B42273D144335A /* Build configuration list for PBXProject "FontComparison" */;
			developmentRegion = en;
			hasScannedForEncodings = 0;
			knownRegions = (
				Base,
				en,
			);
			mainGroup = E6924E79FEDF310E72C205F9;
			minimizedProjectReferenceProxies = 1;
			packageReferences = (
				B496580A4849B87D032751AE /* XCLocalSwiftPackageReference "../../.." */,
			);
			preferredProjectObjectVersion = 77;
			productRefGroup = 71187A23B6BA9CB078BB9430 /* Products */;
			projectDirPath = "";
			projectRoot = "";
			targets = (
				A69A26CB9C15971A1DA275D5 /* FontComparison */,
			);
		};
/* End PBXProject section */

/* Begin PBXResourcesBuildPhase section */
		6E12541A466E38746B08F511 /* Resources */ = {
			isa = PBXResourcesBuildPhase;
			buildActionMask = 2147483647;
			files = (
				DE706DB1F999F444D947EED6 /* WorldProMVPPrevious.ttf in Resources */,
			);
			runOnlyForDeploymentPostprocessing = 0;
		};
/* End PBXResourcesBuildPhase section */

/* Begin PBXSourcesBuildPhase section */
		308CC5D9860EDA988906E1A7 /* Sources */ = {
			isa = PBXSourcesBuildPhase;
			buildActionMask = 2147483647;
			files = (
				AAAA0670253DF79D1C515964 /* FontComparisonApp.swift in Sources */,
			);
			runOnlyForDeploymentPostprocessing = 0;
		};
/* End PBXSourcesBuildPhase section */

/* Begin XCBuildConfiguration section */
		2A25F53F77B0E59091FBF79E /* Debug */ = {
			isa = XCBuildConfiguration;
			buildSettings = {
				ALWAYS_SEARCH_USER_PATHS = NO;
				CLANG_ANALYZER_NONNULL = YES;
				CLANG_ANALYZER_NUMBER_OBJECT_CONVERSION = YES_AGGRESSIVE;
				CLANG_CXX_LANGUAGE_STANDARD = "gnu++14";
				CLANG_CXX_LIBRARY = "libc++";
				CLANG_ENABLE_MODULES = YES;
				CLANG_ENABLE_OBJC_ARC = YES;
				CLANG_ENABLE_OBJC_WEAK = YES;
				CLANG_WARN_BLOCK_CAPTURE_AUTORELEASING = YES;
				CLANG_WARN_BOOL_CONVERSION = YES;
				CLANG_WARN_COMMA = YES;
				CLANG_WARN_CONSTANT_CONVERSION = YES;
				CLANG_WARN_DEPRECATED_OBJC_IMPLEMENTATIONS = YES;
				CLANG_WARN_DIRECT_OBJC_ISA_USAGE = YES_ERROR;
				CLANG_WARN_DOCUMENTATION_COMMENTS = YES;
				CLANG_WARN_EMPTY_BODY = YES;
				CLANG_WARN_ENUM_CONVERSION = YES;
				CLANG_WARN_INFINITE_RECURSION = YES;
				CLANG_WARN_INT_CONVERSION = YES;
				CLANG_WARN_NON_LITERAL_NULL_CONVERSION = YES;
				CLANG_WARN_OBJC_IMPLICIT_RETAIN_SELF = YES;
				CLANG_WARN_OBJC_LITERAL_CONVERSION = YES;
				CLANG_WARN_OBJC_ROOT_CLASS = YES_ERROR;
				CLANG_WARN_QUOTED_INCLUDE_IN_FRAMEWORK_HEADER = YES;
				CLANG_WARN_RANGE_LOOP_ANALYSIS = YES;
				CLANG_WARN_STRICT_PROTOTYPES = YES;
				CLANG_WARN_SUSPICIOUS_MOVE = YES;
				CLANG_WARN_UNGUARDED_AVAILABILITY = YES_AGGRESSIVE;
				CLANG_WARN_UNREACHABLE_CODE = YES;
				CLANG_WARN__DUPLICATE_METHOD_MATCH = YES;
				COPY_PHASE_STRIP = NO;
				DEBUG_INFORMATION_FORMAT = dwarf;
				ENABLE_STRICT_OBJC_MSGSEND = YES;
				ENABLE_TESTABILITY = YES;
				GCC_C_LANGUAGE_STANDARD = gnu11;
				GCC_DYNAMIC_NO_PIC = NO;
				GCC_NO_COMMON_BLOCKS = YES;
				GCC_OPTIMIZATION_LEVEL = 0;
				GCC_PREPROCESSOR_DEFINITIONS = (
					"$(inherited)",
					"DEBUG=1",
				);
				GCC_WARN_64_TO_32_BIT_CONVERSION = YES;
				GCC_WARN_ABOUT_RETURN_TYPE = YES_ERROR;
				GCC_WARN_UNDECLARED_SELECTOR = YES;
				GCC_WARN_UNINITIALIZED_AUTOS = YES_AGGRESSIVE;
				GCC_WARN_UNUSED_FUNCTION = YES;
				GCC_WARN_UNUSED_VARIABLE = YES;
				IPHONEOS_DEPLOYMENT_TARGET = 17.0;
				MTL_ENABLE_DEBUG_INFO = INCLUDE_SOURCE;
				MTL_FAST_MATH = YES;
				ONLY_ACTIVE_ARCH = YES;
				PRODUCT_NAME = "$(TARGET_NAME)";
				SDKROOT = iphoneos;
				SWIFT_ACTIVE_COMPILATION_CONDITIONS = DEBUG;
				SWIFT_OPTIMIZATION_LEVEL = "-Onone";
				SWIFT_VERSION = 5.0;
			};
			name = Debug;
		};
		5BF0A7B2631B098E3EE342FD /* Debug */ = {
			isa = XCBuildConfiguration;
			buildSettings = {
				ASSETCATALOG_COMPILER_APPICON_NAME = AppIcon;
				CODE_SIGNING_ALLOWED = NO;
				CODE_SIGN_IDENTITY = "iPhone Developer";
				GENERATE_INFOPLIST_FILE = YES;
				INFOPLIST_KEY_CFBundleDisplayName = "Font Comparison";
				INFOPLIST_KEY_UIApplicationSceneManifest_Generation = YES;
				INFOPLIST_KEY_UILaunchScreen_Generation = YES;
				INFOPLIST_KEY_UISupportedInterfaceOrientations = "UIInterfaceOrientationPortrait UIInterfaceOrientationLandscapeLeft UIInterfaceOrientationLandscapeRight";
				LD_RUNPATH_SEARCH_PATHS = (
					"$(inherited)",
					"@executable_path/Frameworks",
				);
				PRODUCT_BUNDLE_IDENTIFIER = com.worldcoin.nucleus.fontcomparison;
				SDKROOT = iphoneos;
				SWIFT_VERSION = 6.0;
				TARGETED_DEVICE_FAMILY = "1,2";
			};
			name = Debug;
		};
		71E3AB7A965648B673C38AB8 /* Release */ = {
			isa = XCBuildConfiguration;
			buildSettings = {
				ASSETCATALOG_COMPILER_APPICON_NAME = AppIcon;
				CODE_SIGNING_ALLOWED = NO;
				CODE_SIGN_IDENTITY = "iPhone Developer";
				GENERATE_INFOPLIST_FILE = YES;
				INFOPLIST_KEY_CFBundleDisplayName = "Font Comparison";
				INFOPLIST_KEY_UIApplicationSceneManifest_Generation = YES;
				INFOPLIST_KEY_UILaunchScreen_Generation = YES;
				INFOPLIST_KEY_UISupportedInterfaceOrientations = "UIInterfaceOrientationPortrait UIInterfaceOrientationLandscapeLeft UIInterfaceOrientationLandscapeRight";
				LD_RUNPATH_SEARCH_PATHS = (
					"$(inherited)",
					"@executable_path/Frameworks",
				);
				PRODUCT_BUNDLE_IDENTIFIER = com.worldcoin.nucleus.fontcomparison;
				SDKROOT = iphoneos;
				SWIFT_VERSION = 6.0;
				TARGETED_DEVICE_FAMILY = "1,2";
			};
			name = Release;
		};
		B97E275F7DF25E30374AC55D /* Release */ = {
			isa = XCBuildConfiguration;
			buildSettings = {
				ALWAYS_SEARCH_USER_PATHS = NO;
				CLANG_ANALYZER_NONNULL = YES;
				CLANG_ANALYZER_NUMBER_OBJECT_CONVERSION = YES_AGGRESSIVE;
				CLANG_CXX_LANGUAGE_STANDARD = "gnu++14";
				CLANG_CXX_LIBRARY = "libc++";
				CLANG_ENABLE_MODULES = YES;
				CLANG_ENABLE_OBJC_ARC = YES;
				CLANG_ENABLE_OBJC_WEAK = YES;
				CLANG_WARN_BLOCK_CAPTURE_AUTORELEASING = YES;
				CLANG_WARN_BOOL_CONVERSION = YES;
				CLANG_WARN_COMMA = YES;
				CLANG_WARN_CONSTANT_CONVERSION = YES;
				CLANG_WARN_DEPRECATED_OBJC_IMPLEMENTATIONS = YES;
				CLANG_WARN_DIRECT_OBJC_ISA_USAGE = YES_ERROR;
				CLANG_WARN_DOCUMENTATION_COMMENTS = YES;
				CLANG_WARN_EMPTY_BODY = YES;
				CLANG_WARN_ENUM_CONVERSION = YES;
				CLANG_WARN_INFINITE_RECURSION = YES;
				CLANG_WARN_INT_CONVERSION = YES;
				CLANG_WARN_NON_LITERAL_NULL_CONVERSION = YES;
				CLANG_WARN_OBJC_IMPLICIT_RETAIN_SELF = YES;
				CLANG_WARN_OBJC_LITERAL_CONVERSION = YES;
				CLANG_WARN_OBJC_ROOT_CLASS = YES_ERROR;
				CLANG_WARN_QUOTED_INCLUDE_IN_FRAMEWORK_HEADER = YES;
				CLANG_WARN_RANGE_LOOP_ANALYSIS = YES;
				CLANG_WARN_STRICT_PROTOTYPES = YES;
				CLANG_WARN_SUSPICIOUS_MOVE = YES;
				CLANG_WARN_UNGUARDED_AVAILABILITY = YES_AGGRESSIVE;
				CLANG_WARN_UNREACHABLE_CODE = YES;
				CLANG_WARN__DUPLICATE_METHOD_MATCH = YES;
				COPY_PHASE_STRIP = NO;
				DEBUG_INFORMATION_FORMAT = "dwarf-with-dsym";
				ENABLE_NS_ASSERTIONS = NO;
				ENABLE_STRICT_OBJC_MSGSEND = YES;
				GCC_C_LANGUAGE_STANDARD = gnu11;
				GCC_NO_COMMON_BLOCKS = YES;
				GCC_WARN_64_TO_32_BIT_CONVERSION = YES;
				GCC_WARN_ABOUT_RETURN_TYPE = YES_ERROR;
				GCC_WARN_UNDECLARED_SELECTOR = YES;
				GCC_WARN_UNINITIALIZED_AUTOS = YES_AGGRESSIVE;
				GCC_WARN_UNUSED_FUNCTION = YES;
				GCC_WARN_UNUSED_VARIABLE = YES;
				IPHONEOS_DEPLOYMENT_TARGET = 17.0;
				MTL_ENABLE_DEBUG_INFO = NO;
				MTL_FAST_MATH = YES;
				PRODUCT_NAME = "$(TARGET_NAME)";
				SDKROOT = iphoneos;
				SWIFT_COMPILATION_MODE = wholemodule;
				SWIFT_OPTIMIZATION_LEVEL = "-O";
				SWIFT_VERSION = 5.0;
			};
			name = Release;
		};
/* End XCBuildConfiguration section */

/* Begin XCConfigurationList section */
		ADC11812F5B42273D144335A /* Build configuration list for PBXProject "FontComparison" */ = {
			isa = XCConfigurationList;
			buildConfigurations = (
				2A25F53F77B0E59091FBF79E /* Debug */,
				B97E275F7DF25E30374AC55D /* Release */,
			);
			defaultConfigurationIsVisible = 0;
			defaultConfigurationName = Debug;
		};
		D9E21E9950DB1227FB567A9F /* Build configuration list for PBXNativeTarget "FontComparison" */ = {
			isa = XCConfigurationList;
			buildConfigurations = (
				5BF0A7B2631B098E3EE342FD /* Debug */,
				71E3AB7A965648B673C38AB8 /* Release */,
			);
			defaultConfigurationIsVisible = 0;
			defaultConfigurationName = Debug;
		};
/* End XCConfigurationList section */

/* Begin XCLocalSwiftPackageReference section */
		B496580A4849B87D032751AE /* XCLocalSwiftPackageReference "../../.." */ = {
			isa = XCLocalSwiftPackageReference;
			relativePath = ../../..;
		};
/* End XCLocalSwiftPackageReference section */

/* Begin XCSwiftPackageProductDependency section */
		B44DCCD860C500E6D16E49BC /* NucleusFonts */ = {
			isa = XCSwiftPackageProductDependency;
			productName = NucleusFonts;
		};
/* End XCSwiftPackageProductDependency section */
	};
	rootObject = 56B4595268E559ED913407D8 /* Project object */;
}
